
Microsoft Visual Studio Solution File, Format Version 12.00
# Visual Studio Version 17
VisualStudioVersion = 17.14.36121.58 d17.14
MinimumVisualStudioVersion = 10.0.40219.1
Project("{FAE04EC0-301F-11D3-BF4B-00C04F79EFBC}") = "ScanReader", "ScanReader.csproj", "{1590FFF5-41A8-4F05-AB64-C2C9C1798698}"
EndProject
Global
	GlobalSection(SolutionConfigurationPlatforms) = preSolution
		Debug|Any CPU = Debug|Any CPU
		Release|Any CPU = Release|Any CPU
	EndGlobalSection
	GlobalSection(ProjectConfigurationPlatforms) = postSolution
		{1590FFF5-41A8-4F05-AB64-C2C9C1798698}.Debug|Any CPU.ActiveCfg = Debug|Any CPU
		{1590FFF5-41A8-4F05-AB64-C2C9C1798698}.Debug|Any CPU.Build.0 = Debug|Any CPU
		{1590FFF5-41A8-4F05-AB64-C2C9C1798698}.Release|Any CPU.ActiveCfg = Release|Any CPU
		{1590FFF5-41A8-4F05-AB64-C2C9C1798698}.Release|Any CPU.Build.0 = Release|Any CPU
	EndGlobalSection
	GlobalSection(SolutionProperties) = preSolution
		HideSolutionNode = FALSE
	EndGlobalSection
	GlobalSection(ExtensibilityGlobals) = postSolution
		SolutionGuid = {A5B80C19-B2EA-49FD-B40D-757A77BE7E94}
	EndGlobalSection
EndGlobal
